// !$*UTF8*$!
{
	archiveVersion = 1;
	classes = {
	};
	objectVersion = 48;
	objects = {

/* Begin PBXBuildFile section */
		2296DB7C20245DE800168E36 /* AppDelegate.swift in Sources */ = {isa = PBXBuildFile; fileRef = 2296DB7B20245DE800168E36 /* AppDelegate.swift */; };
		2296DB7E20245DE800168E36 /* ViewController.swift in Sources */ = {isa = PBXBuildFile; fileRef = 2296DB7D20245DE800168E36 /* ViewController.swift */; };
		2296DB8120245DE800168E36 /* Main.storyboard in Resources */ = {isa = PBXBuildFile; fileRef = 2296DB7F20245DE800168E36 /* Main.storyboard */; };
		2296DB8420245DE800168E36 /* SwiftLearning.xcdatamodeld in Sources */ = {isa = PBXBuildFile; fileRef = 2296DB8220245DE800168E36 /* SwiftLearning.xcdatamodeld */; };
		2296DB8620245DE800168E36 /* Assets.xcassets in Resources */ = {isa = PBXBuildFile; fileRef = 2296DB8520245DE800168E36 /* Assets.xcassets */; };
		2296DB8920245DE800168E36 /* LaunchScreen.storyboard in Resources */ = {isa = PBXBuildFile; fileRef = 2296DB8720245DE800168E36 /* LaunchScreen.storyboard */; };
		2296DB9420245DE800168E36 /* SwiftLearningTests.swift in Sources */ = {isa = PBXBuildFile; fileRef = 2296DB9320245DE800168E36 /* SwiftLearningTests.swift */; };
		2296DB9F20245DE800168E36 /* SwiftLearningUITests.swift in Sources */ = {isa = PBXBuildFile; fileRef = 2296DB9E20245DE800168E36 /* SwiftLearningUITests.swift */; };
/* End PBXBuildFile section */

/* Begin PBXContainerItemProxy section */
		2296DB9020245DE800168E36 /* PBXContainerItemProxy */ = {
			isa = PBXContainerItemProxy;
			containerPortal = 2296DB7020245DE800168E36 /* Project object */;
			proxyType = 1;
			remoteGlobalIDString = 2296DB7720245DE800168E36;
			remoteInfo = SwiftLearning;
		};
		2296DB9B20245DE800168E36 /* PBXContainerItemProxy */ = {
			isa = PBXContainerItemProxy;
			containerPortal = 2296DB7020245DE800168E36 /* Project object */;
			proxyType = 1;
			remoteGlobalIDString = 2296DB7720245DE800168E36;
			remoteInfo = SwiftLearning;
		};
/* End PBXContainerItemProxy section */

/* Begin PBXFileReference section */
		2296DB7820245DE800168E36 /* SwiftLearning.app */ = {isa = PBXFileReference; explicitFileType = wrapper.application; includeInIndex = 0; path = SwiftLearning.app; sourceTree = BUILT_PRODUCTS_DIR; };
		2296DB7B20245DE800168E36 /* AppDelegate.swift */ = {isa = PBXFileReference; lastKnownFileType = sourcecode.swift; path = AppDelegate.swift; sourceTree = "<group>"; };
		2296DB7D20245DE800168E36 /* ViewController.swift */ = {isa = PBXFileReference; lastKnownFileType = sourcecode.swift; path = ViewController.swift; sourceTree = "<group>"; };
		2296DB8020245DE800168E36 /* Base */ = {isa = PBXFileReference; lastKnownFileType = file.storyboard; name = Base; path = Base.lproj/Main.storyboard; sourceTree = "<group>"; };
		2296DB8320245DE800168E36 /* SwiftLearning.xcdatamodel */ = {isa = PBXFileReference; lastKnownFileType = wrapper.xcdatamodel; path = SwiftLearning.xcdatamodel; sourceTree = "<group>"; };
		2296DB8520245DE800168E36 /* Assets.xcassets */ = {isa = PBXFileReference; lastKnownFileType = folder.assetcatalog; path = Assets.xcassets; sourceTree = "<group>"; };
		2296DB8820245DE800168E36 /* Base */ = {isa = PBXFileReference; lastKnownFileType = file.storyboard; name = Base; path = Base.lproj/LaunchScreen.storyboard; sourceTree = "<group>"; };
		2296DB8A20245DE800168E36 /* Info.plist */ = {isa = PBXFileReference; lastKnownFileType = text.plist.xml; path = Info.plist; sourceTree = "<group>"; };
		2296DB8F20245DE800168E36 /* SwiftLearningTests.xctest */ = {isa = PBXFileReference; explicitFileType = wrapper.cfbundle; includeInIndex = 0; path = SwiftLearningTests.xctest; sourceTree = BUILT_PRODUCTS_DIR; };
		2296DB9320245DE800168E36 /* SwiftLearningTests.swift */ = {isa = PBXFileReference; lastKnownFileType = sourcecode.swift; path = SwiftLearningTests.swift; sourceTree = "<group>"; };
		2296DB9520245DE800168E36 /* Info.plist */ = {isa = PBXFileReference; lastKnownFileType = text.plist.xml; path = Info.plist; sourceTree = "<group>"; };
		2296DB9A20245DE800168E36 /* SwiftLearningUITests.xctest */ = {isa = PBXFileReference; explicitFileType = wrapper.cfbundle; includeInIndex = 0; path = SwiftLearningUITests.xctest; sourceTree = BUILT_PRODUCTS_DIR; };
		2296DB9E20245DE800168E36 /* SwiftLearningUITests.swift */ = {isa = PBXFileReference; lastKnownFileType = sourcecode.swift; path = SwiftLearningUITests.swift; sourceTree = "<group>"; };
		2296DBA020245DE800168E36 /* Info.plist */ = {isa = PBXFileReference; lastKnownFileType = text.plist.xml; path = Info.plist; sourceTree = "<group>"; };
/* End PBXFileReference section */

/* Begin PBXFrameworksBuildPhase section */
		2296DB7520245DE800168E36 /* Frameworks */ = {
			isa = PBXFrameworksBuildPhase;
			buildActionMask = 2147483647;
			files = (
			);
			runOnlyForDeploymentPostprocessing = 0;
		};
		2296DB8C20245DE800168E36 /* Frameworks */ = {
			isa = PBXFrameworksBuildPhase;
			buildActionMask = 2147483647;
			files = (
			);
			runOnlyForDeploymentPostprocessing = 0;
		};
		2296DB9720245DE800168E36 /* Frameworks */ = {
			isa = PBXFrameworksBuildPhase;
			buildActionMask = 2147483647;
			files = (
			);
			runOnlyForDeploymentPostprocessing = 0;
		};
/* End PBXFrameworksBuildPhase section */

/* Begin PBXGroup section */
		2296DB6F20245DE800168E36 = {
			isa = PBXGroup;
			children = (
				2296DB7A20245DE800168E36 /* SwiftLearning */,
				2296DB9220245DE800168E36 /* SwiftLearningTests */,
				2296DB9D20245DE800168E36 /* SwiftLearningUITests */,
				2296DB7920245DE800168E36 /* Products */,
			);
			sourceTree = "<group>";
		};
		2296DB7920245DE800168E36 /* Products */ = {
			isa = PBXGroup;
			children = (
				2296DB7820245DE800168E36 /* SwiftLearning.app */,
				2296DB8F20245DE800168E36 /* SwiftLearningTests.xctest */,
				2296DB9A20245DE800168E36 /* SwiftLearningUITests.xctest */,
			);
			name = Products;
			sourceTree = "<group>";
		};
		2296DB7A20245DE800168E36 /* SwiftLearning */ = {
			isa = PBXGroup;
			children = (
				2296DB7B20245DE800168E36 /* AppDelegate.swift */,
				2296DB7D20245DE800168E36 /* ViewController.swift */,
				2296DB7F20245DE800168E36 /* Main.storyboard */,
				2296DB8520245DE800168E36 /* Assets.xcassets */,
				2296DB8720245DE800168E36 /* LaunchScreen.storyboard */,
				2296DB8A20245DE800168E36 /* Info.plist */,
				2296DB8220245DE800168E36 /* SwiftLearning.xcdatamodeld */,
			);
			path = SwiftLearning;
			sourceTree = "<group>";
		};
		2296DB9220245DE800168E36 /* SwiftLearningTests */ = {
			isa = PBXGroup;
			children = (
				2296DB9320245DE800168E36 /* SwiftLearningTests.swift */,
				2296DB9520245DE800168E36 /* Info.plist */,
			);
			path = SwiftLearningTests;
			sourceTree = "<group>";
		};
		2296DB9D20245DE800168E36 /* SwiftLearningUITests */ = {
			isa = PBXGroup;
			children = (
				2296DB9E20245DE800168E36 /* SwiftLearningUITests.swift */,
				2296DBA020245DE800168E36 /* Info.plist */,
			);
			path = SwiftLearningUITests;
			sourceTree = "<group>";
		};
/* End PBXGroup section */

/* Begin PBXNativeTarget section */
		2296DB7720245DE800168E36 /* SwiftLearning */ = {
			isa = PBXNativeTarget;
			buildConfigurationList = 2296DBA320245DE800168E36 /* Build configuration list for PBXNativeTarget "SwiftLearning" */;
			buildPhases = (
				2296DB7420245DE800168E36 /* Sources */,
				2296DB7520245DE800168E36 /* Frameworks */,
				2296DB7620245DE800168E36 /* Resources */,
			);
			buildRules = (
			);
			dependencies = (
			);
			name = SwiftLearning;
			productName = SwiftLearning;
			productReference = 2296DB7820245DE800168E36 /* SwiftLearning.app */;
			productType = "com.apple.product-type.application";
		};
		2296DB8E20245DE800168E36 /* SwiftLearningTests */ = {
			isa = PBXNativeTarget;
			buildConfigurationList = 2296DBA620245DE800168E36 /* Build configuration list for PBXNativeTarget "SwiftLearningTests" */;
			buildPhases = (
				2296DB8B20245DE800168E36 /* Sources */,
				2296DB8C20245DE800168E36 /* Frameworks */,
				2296DB8D20245DE800168E36 /* Resources */,
			);
			buildRules = (
			);
			dependencies = (
				2296DB9120245DE800168E36 /* PBXTargetDependency */,
			);
			name = SwiftLearningTests;
			productName = SwiftLearningTests;
			productReference = 2296DB8F20245DE800168E36 /* SwiftLearningTests.xctest */;
			productType = "com.apple.product-type.bundle.unit-test";
		};
		2296DB9920245DE800168E36 /* SwiftLearningUITests */ = {
			isa = PBXNativeTarget;
			buildConfigurationList = 2296DBA920245DE800168E36 /* Build configuration list for PBXNativeTarget "SwiftLearningUITests" */;
			buildPhases = (
				2296DB9620245DE800168E36 /* Sources */,
				2296DB9720245DE800168E36 /* Frameworks */,
				2296DB9820245DE800168E36 /* Resources */,
			);
			buildRules = (
			);
			dependencies = (
				2296DB9C20245DE800168E36 /* PBXTargetDependency */,
			);
			name = SwiftLearningUITests;
			productName = SwiftLearningUITests;
			productReference = 2296DB9A20245DE800168E36 /* SwiftLearningUITests.xctest */;
			productType = "com.apple.product-type.bundle.ui-testing";
		};
/* End PBXNativeTarget section */

/* Begin PBXProject section */
		2296DB7020245DE800168E36 /* Project object */ = {
			isa = PBXProject;
			attributes = {
				LastSwiftUpdateCheck = 0910;
				LastUpgradeCheck = 0910;
				ORGANIZATIONNAME = mayya;
				TargetAttributes = {
					2296DB7720245DE800168E36 = {
						CreatedOnToolsVersion = 9.1;
						ProvisioningStyle = Automatic;
					};
					2296DB8E20245DE800168E36 = {
						CreatedOnToolsVersion = 9.1;
						ProvisioningStyle = Automatic;
						TestTargetID = 2296DB7720245DE800168E36;
					};
					2296DB9920245DE800168E36 = {
						CreatedOnToolsVersion = 9.1;
						ProvisioningStyle = Automatic;
						TestTargetID = 2296DB7720245DE800168E36;
					};
				};
			};
			buildConfigurationList = 2296DB7320245DE800168E36 /* Build configuration list for PBXProject "SwiftLearning" */;
			compatibilityVersion = "Xcode 8.0";
			developmentRegion = en;
			hasScannedForEncodings = 0;
			knownRegions = (
				en,
				Base,
			);
			mainGroup = 2296DB6F20245DE800168E36;
			productRefGroup = 2296DB7920245DE800168E36 /* Products */;
			projectDirPath = "";
			projectRoot = "";
			targets = (
				2296DB7720245DE800168E36 /* SwiftLearning */,
				2296DB8E20245DE800168E36 /* SwiftLearningTests */,
				2296DB9920245DE800168E36 /* SwiftLearningUITests */,
			);
		};
/* End PBXProject section */

/* Begin PBXResourcesBuildPhase section */
		2296DB7620245DE800168E36 /* Resources */ = {
			isa = PBXResourcesBuildPhase;
			buildActionMask = 2147483647;
			files = (
				2296DB8920245DE800168E36 /* LaunchScreen.storyboard in Resources */,
				2296DB8620245DE800168E36 /* Assets.xcassets in Resources */,
				2296DB8120245DE800168E36 /* Main.storyboard in Resources */,
			);
			runOnlyForDeploymentPostprocessing = 0;
		};
		2296DB8D20245DE800168E36 /* Resources */ = {
			isa = PBXResourcesBuildPhase;
			buildActionMask = 2147483647;
			files = (
			);
			runOnlyForDeploymentPostprocessing = 0;
		};
		2296DB9820245DE800168E36 /* Resources */ = {
			isa = PBXResourcesBuildPhase;
			buildActionMask = 2147483647;
			files = (
			);
			runOnlyForDeploymentPostprocessing = 0;
		};
/* End PBXResourcesBuildPhase section */

/* Begin PBXSourcesBuildPhase section */
		2296DB7420245DE800168E36 /* Sources */ = {
			isa = PBXSourcesBuildPhase;
			buildActionMask = 2147483647;
			files = (
				2296DB7E20245DE800168E36 /* ViewController.swift in Sources */,
				2296DB8420245DE800168E36 /* SwiftLearning.xcdatamodeld in Sources */,
				2296DB7C20245DE800168E36 /* AppDelegate.swift in Sources */,
			);
			runOnlyForDeploymentPostprocessing = 0;
		};
		2296DB8B20245DE800168E36 /* Sources */ = {
			isa = PBXSourcesBuildPhase;
			buildActionMask = 2147483647;
			files = (
				2296DB9420245DE800168E36 /* SwiftLearningTests.swift in Sources */,
			);
			runOnlyForDeploymentPostprocessing = 0;
		};
		2296DB9620245DE800168E36 /* Sources */ = {
			isa = PBXSourcesBuildPhase;
			buildActionMask = 2147483647;
			files = (
				2296DB9F20245DE800168E36 /* SwiftLearningUITests.swift in Sources */,
			);
			runOnlyForDeploymentPostprocessing = 0;
		};
/* End PBXSourcesBuildPhase section */

/* Begin PBXTargetDependency section */
		2296DB9120245DE800168E36 /* PBXTargetDependency */ = {
			isa = PBXTargetDependency;
			target = 2296DB7720245DE800168E36 /* SwiftLearning */;
			targetProxy = 2296DB9020245DE800168E36 /* PBXContainerItemProxy */;
		};
		2296DB9C20245DE800168E36 /* PBXTargetDependency */ = {
			isa = PBXTargetDependency;
			target = 2296DB7720245DE800168E36 /* SwiftLearning */;
			targetProxy = 2296DB9B20245DE800168E36 /* PBXContainerItemProxy */;
		};
/* End PBXTargetDependency section */

/* Begin PBXVariantGroup section */
		2296DB7F20245DE800168E36 /* Main.storyboard */ = {
			isa = PBXVariantGroup;
			children = (
				2296DB8020245DE800168E36 /* Base */,
			);
			name = Main.storyboard;
			sourceTree = "<group>";
		};
		2296DB8720245DE800168E36 /* LaunchScreen.storyboard */ = {
			isa = PBXVariantGroup;
			children = (
				2296DB8820245DE800168E36 /* Base */,
			);
			name = LaunchScreen.storyboard;
			sourceTree = "<group>";
		};
/* End PBXVariantGroup section */

/* Begin XCBuildConfiguration section */
		2296DBA120245DE800168E36 /* Debug */ = {
			isa = XCBuildConfiguration;
			buildSettings = {
				ALWAYS_SEARCH_USER_PATHS = NO;
				CLANG_ANALYZER_NONNULL = YES;
				CLANG_ANALYZER_NUMBER_OBJECT_CONVERSION = YES_AGGRESSIVE;
				CLANG_CXX_LANGUAGE_STANDARD = "gnu++14";
				CLANG_CXX_LIBRARY = "libc++";
				CLANG_ENABLE_MODULES = YES;
				CLANG_ENABLE_OBJC_ARC = YES;
				CLANG_WARN_BLOCK_CAPTURE_AUTORELEASING = YES;
				CLANG_WARN_BOOL_CONVERSION = YES;
				CLANG_WARN_COMMA = YES;
				CLANG_WARN_CONSTANT_CONVERSION = YES;
				CLANG_WARN_DIRECT_OBJC_ISA_USAGE = YES_ERROR;
				CLANG_WARN_DOCUMENTATION_COMMENTS = YES;
				CLANG_WARN_EMPTY_BODY = YES;
				CLANG_WARN_ENUM_CONVERSION = YES;
				CLANG_WARN_INFINITE_RECURSION = YES;
				CLANG_WARN_INT_CONVERSION = YES;
				CLANG_WARN_NON_LITERAL_NULL_CONVERSION = YES;
				CLANG_WARN_OBJC_LITERAL_CONVERSION = YES;
				CLANG_WARN_OBJC_ROOT_CLASS = YES_ERROR;
				CLANG_WARN_RANGE_LOOP_ANALYSIS = YES;
				CLANG_WARN_STRICT_PROTOTYPES = YES;
				CLANG_WARN_SUSPICIOUS_MOVE = YES;
				CLANG_WARN_UNGUARDED_AVAILABILITY = YES_AGGRESSIVE;
				CLANG_WARN_UNREACHABLE_CODE = YES;
				CLANG_WARN__DUPLICATE_METHOD_MATCH = YES;
				CODE_SIGN_IDENTITY = "iPhone Developer";
				COPY_PHASE_STRIP = NO;
				DEBUG_INFORMATION_FORMAT = dwarf;
				ENABLE_STRICT_OBJC_MSGSEND = YES;
				ENABLE_TESTABILITY = YES;
				GCC_C_LANGUAGE_STANDARD = gnu11;
				GCC_DYNAMIC_NO_PIC = NO;
				GCC_NO_COMMON_BLOCKS = YES;
				GCC_OPTIMIZATION_LEVEL = 0;
				GCC_PREPROCESSOR_DEFINITIONS = (
					"DEBUG=1",
					"$(inherited)",
				);
				GCC_WARN_64_TO_32_BIT_CONVERSION = YES;
				GCC_WARN_ABOUT_RETURN_TYPE = YES_ERROR;
				GCC_WARN_UNDECLARED_SELECTOR = YES;
				GCC_WARN_UNINITIALIZED_AUTOS = YES_AGGRESSIVE;
				GCC_WARN_UNUSED_FUNCTION = YES;
				GCC_WARN_UNUSED_VARIABLE = YES;
				IPHONEOS_DEPLOYMENT_TARGET = 11.1;
				MTL_ENABLE_DEBUG_INFO = YES;
				ONLY_ACTIVE_ARCH = YES;
				SDKROOT = iphoneos;
				SWIFT_ACTIVE_COMPILATION_CONDITIONS = DEBUG;
				SWIFT_OPTIMIZATION_LEVEL = "-Onone";
			};
			name = Debug;
		};
		2296DBA220245DE800168E36 /* Release */ = {
			isa = XCBuildConfiguration;
			buildSettings = {
				ALWAYS_SEARCH_USER_PATHS = NO;
				CLANG_ANALYZER_NONNULL = YES;
				CLANG_ANALYZER_NUMBER_OBJECT_CONVERSION = YES_AGGRESSIVE;
				CLANG_CXX_LANGUAGE_STANDARD = "gnu++14";
				CLANG_CXX_LIBRARY = "libc++";
				CLANG_ENABLE_MODULES = YES;
				CLANG_ENABLE_OBJC_ARC = YES;
				CLANG_WARN_BLOCK_CAPTURE_AUTORELEASING = YES;
				CLANG_WARN_BOOL_CONVERSION = YES;
				CLANG_WARN_COMMA = YES;
				CLANG_WARN_CONSTANT_CONVERSION = YES;
				CLANG_WARN_DIRECT_OBJC_ISA_USAGE = YES_ERROR;
				CLANG_WARN_DOCUMENTATION_COMMENTS = YES;
				CLANG_WARN_EMPTY_BODY = YES;
				CLANG_WARN_ENUM_CONVERSION = YES;
				CLANG_WARN_INFINITE_RECURSION = YES;
				CLANG_WARN_INT_CONVERSION = YES;
				CLANG_WARN_NON_LITERAL_NULL_CONVERSION = YES;
				CLANG_WARN_OBJC_LITERAL_CONVERSION = YES;
				CLANG_WARN_OBJC_ROOT_CLASS = YES_ERROR;
				CLANG_WARN_RANGE_LOOP_ANALYSIS = YES;
				CLANG_WARN_STRICT_PROTOTYPES = YES;
				CLANG_WARN_SUSPICIOUS_MOVE = YES;
				CLANG_WARN_UNGUARDED_AVAILABILITY = YES_AGGRESSIVE;
				CLANG_WARN_UNREACHABLE_CODE = YES;
				CLANG_WARN__DUPLICATE_METHOD_MATCH = YES;
				CODE_SIGN_IDENTITY = "iPhone Developer";
				COPY_PHASE_STRIP = NO;
				DEBUG_INFORMATION_FORMAT = "dwarf-with-dsym";
				ENABLE_NS_ASSERTIONS = NO;
				ENABLE_STRICT_OBJC_MSGSEND = YES;
				GCC_C_LANGUAGE_STANDARD = gnu11;
				GCC_NO_COMMON_BLOCKS = YES;
				GCC_WARN_64_TO_32_BIT_CONVERSION = YES;
				GCC_WARN_ABOUT_RETURN_TYPE = YES_ERROR;
				GCC_WARN_UNDECLARED_SELECTOR = YES;
				GCC_WARN_UNINITIALIZED_AUTOS = YES_AGGRESSIVE;
				GCC_WARN_UNUSED_FUNCTION = YES;
				GCC_WARN_UNUSED_VARIABLE = YES;
				IPHONEOS_DEPLOYMENT_TARGET = 11.1;
				MTL_ENABLE_DEBUG_INFO = NO;
				SDKROOT = iphoneos;
				SWIFT_OPTIMIZATION_LEVEL = "-Owholemodule";
				VALIDATE_PRODUCT = YES;
			};
			name = Release;
		};
		2296DBA420245DE800168E36 /* Debug */ = {
			isa = XCBuildConfiguration;
			buildSettings = {
				ASSETCATALOG_COMPILER_APPICON_NAME = AppIcon;
				CODE_SIGN_STYLE = Automatic;
				INFOPLIST_FILE = SwiftLearning/Info.plist;
				LD_RUNPATH_SEARCH_PATHS = "$(inherited) @executable_path/Frameworks";
				PRODUCT_BUNDLE_IDENTIFIER = com.mayya.SwiftLearning;
				PRODUCT_NAME = "$(TARGET_NAME)";
				SWIFT_VERSION = 4.0;
				TARGETED_DEVICE_FAMILY = "1,2";
			};
			name = Debug;
		};
		2296DBA520245DE800168E36 /* Release */ = {
			isa = XCBuildConfiguration;
			buildSettings = {
				ASSETCATALOG_COMPILER_APPICON_NAME = AppIcon;
				CODE_SIGN_STYLE = Automatic;
				INFOPLIST_FILE = SwiftLearning/Info.plist;
				LD_RUNPATH_SEARCH_PATHS = "$(inherited) @executable_path/Frameworks";
				PRODUCT_BUNDLE_IDENTIFIER = com.mayya.SwiftLearning;
				PRODUCT_NAME = "$(TARGET_NAME)";
				SWIFT_VERSION = 4.0;
				TARGETED_DEVICE_FAMILY = "1,2";
			};
			name = Release;
		};
		2296DBA720245DE800168E36 /* Debug */ = {
			isa = XCBuildConfiguration;
			buildSettings = {
				ALWAYS_EMBED_SWIFT_STANDARD_LIBRARIES = YES;
				BUNDLE_LOADER = "$(TEST_HOST)";
				CODE_SIGN_STYLE = Automatic;
				INFOPLIST_FILE = SwiftLearningTests/Info.plist;
				LD_RUNPATH_SEARCH_PATHS = "$(inherited) @executable_path/Frameworks @loader_path/Frameworks";
				PRODUCT_BUNDLE_IDENTIFIER = com.mayya.SwiftLearningTests;
				PRODUCT_NAME = "$(TARGET_NAME)";
				SWIFT_VERSION = 4.0;
				TARGETED_DEVICE_FAMILY = "1,2";
				TEST_HOST = "$(BUILT_PRODUCTS_DIR)/SwiftLearning.app/SwiftLearning";
			};
			name = Debug;
		};
		2296DBA820245DE800168E36 /* Release */ = {
			isa = XCBuildConfiguration;
			buildSettings = {
				ALWAYS_EMBED_SWIFT_STANDARD_LIBRARIES = YES;
				BUNDLE_LOADER = "$(TEST_HOST)";
				CODE_SIGN_STYLE = Automatic;
				INFOPLIST_FILE = SwiftLearningTests/Info.plist;
				LD_RUNPATH_SEARCH_PATHS = "$(inherited) @executable_path/Frameworks @loader_path/Frameworks";
				PRODUCT_BUNDLE_IDENTIFIER = com.mayya.SwiftLearningTests;
				PRODUCT_NAME = "$(TARGET_NAME)";
				SWIFT_VERSION = 4.0;
				TARGETED_DEVICE_FAMILY = "1,2";
				TEST_HOST = "$(BUILT_PRODUCTS_DIR)/SwiftLearning.app/SwiftLearning";
			};
			name = Release;
		};
		2296DBAA20245DE800168E36 /* Debug */ = {
			isa = XCBuildConfiguration;
			buildSettings = {
				ALWAYS_EMBED_SWIFT_STANDARD_LIBRARIES = YES;
				CODE_SIGN_STYLE = Automatic;
				INFOPLIST_FILE = SwiftLearningUITests/Info.plist;
				LD_RUNPATH_SEARCH_PATHS = "$(inherited) @executable_path/Frameworks @loader_path/Frameworks";
				PRODUCT_BUNDLE_IDENTIFIER = com.mayya.SwiftLearningUITests;
				PRODUCT_NAME = "$(TARGET_NAME)";
				SWIFT_VERSION = 4.0;
				TARGETED_DEVICE_FAMILY = "1,2";
				TEST_TARGET_NAME = SwiftLearning;
			};
			name = Debug;
		};
		2296DBAB20245DE800168E36 /* Release */ = {
			isa = XCBuildConfiguration;
			buildSettings = {
				ALWAYS_EMBED_SWIFT_STANDARD_LIBRARIES = YES;
				CODE_SIGN_STYLE = Automatic;
				INFOPLIST_FILE = SwiftLearningUITests/Info.plist;
				LD_RUNPATH_SEARCH_PATHS = "$(inherited) @executable_path/Frameworks @loader_path/Frameworks";
				PRODUCT_BUNDLE_IDENTIFIER = com.mayya.SwiftLearningUITests;
				PRODUCT_NAME = "$(TARGET_NAME)";
				SWIFT_VERSION = 4.0;
				TARGETED_DEVICE_FAMILY = "1,2";
				TEST_TARGET_NAME = SwiftLearning;
			};
			name = Release;
		};
/* End XCBuildConfiguration section */

/* Begin XCConfigurationList section */
		2296DB7320245DE800168E36 /* Build configuration list for PBXProject "SwiftLearning" */ = {
			isa = XCConfigurationList;
			buildConfigurations = (
				2296DBA120245DE800168E36 /* Debug */,
				2296DBA220245DE800168E36 /* Release */,
			);
			defaultConfigurationIsVisible = 0;
			defaultConfigurationName = Release;
		};
		2296DBA320245DE800168E36 /* Build configuration list for PBXNativeTarget "SwiftLearning" */ = {
			isa = XCConfigurationList;
			buildConfigurations = (
				2296DBA420245DE800168E36 /* Debug */,
				2296DBA520245DE800168E36 /* Release */,
			);
			defaultConfigurationIsVisible = 0;
			defaultConfigurationName = Release;
		};
		2296DBA620245DE800168E36 /* Build configuration list for PBXNativeTarget "SwiftLearningTests" */ = {
			isa = XCConfigurationList;
			buildConfigurations = (
				2296DBA720245DE800168E36 /* Debug */,
				2296DBA820245DE800168E36 /* Release */,
			);
			defaultConfigurationIsVisible = 0;
			defaultConfigurationName = Release;
		};
		2296DBA920245DE800168E36 /* Build configuration list for PBXNativeTarget "SwiftLearningUITests" */ = {
			isa = XCConfigurationList;
			buildConfigurations = (
				2296DBAA20245DE800168E36 /* Debug */,
				2296DBAB20245DE800168E36 /* Release */,
			);
			defaultConfigurationIsVisible = 0;
			defaultConfigurationName = Release;
		};
/* End XCConfigurationList section */

/* Begin XCVersionGroup section */
		2296DB8220245DE800168E36 /* SwiftLearning.xcdatamodeld */ = {
			isa = XCVersionGroup;
			children = (
				2296DB8320245DE800168E36 /* SwiftLearning.xcdatamodel */,
			);
			currentVersion = 2296DB8320245DE800168E36 /* SwiftLearning.xcdatamodel */;
			path = SwiftLearning.xcdatamodeld;
			sourceTree = "<group>";
			versionGroupType = wrapper.xcdatamodel;
		};
/* End XCVersionGroup section */
	};
	rootObject = 2296DB7020245DE800168E36 /* Project object */;
}
